{
  "nodes": {
    "nixpkgs": {
      "locked": {
        "lastModified": 1756077171,
        "narHash": "sha256-hPub7eTYyYxsSkw7xROlUm10d9ggV3QhBnYzLYOVxdk=",
        "owner": "NixOS",
        "repo": "nixpkgs",
        "rev": "6e77d59add2246b22e41a2ff568e9ac8b0e54864",
        "type": "github"
      },
      "original": {
        "owner": "NixOS",
        "repo": "nixpkgs",
        "type": "github"
      }
    },
    "root": {
      "inputs": {
        "nixpkgs": "nixpkgs"
      }
    }
  },
  "root": "root",
  "version": 7
}
