{
  "nodes": {
    "nixpkgs": {
      "locked": {
        "lastModified": 1741468072,
        "narHash": "sha256-Yqn2yl7O2KaZsIO+sbgzEhGsB0lvzMpKaK18ghGUYLU=",
        "owner": "NixOS",
        "repo": "nixpkgs",
        "rev": "52ba78048f56320afee446673265f5f24caabc53",
        "type": "github"
      },
      "original": {
        "owner": "NixOS",
        "repo": "nixpkgs",
        "type": "github"
      }
    },
    "root": {
      "inputs": {
        "nixpkgs": "nixpkgs"
      }
    }
  },
  "root": "root",
  "version": 7
}
