{
  "nodes": {
    "nixpkgs": {
      "locked": {
        "lastModified": 1759239183,
        "narHash": "sha256-37z9TuAm1V7BLRHCwkU/54dzqjRdG7w+fulPvP9gxP8=",
        "owner": "NixOS",
        "repo": "nixpkgs",
        "rev": "173b1cac923e427b6df57407fe7a4b2cbd0f7666",
        "type": "github"
      },
      "original": {
        "owner": "NixOS",
        "repo": "nixpkgs",
        "type": "github"
      }
    },
    "root": {
      "inputs": {
        "nixpkgs": "nixpkgs"
      }
    }
  },
  "root": "root",
  "version": 7
}
