{
  "nodes": {
    "nixpkgs": {
      "locked": {
        "lastModified": 1734982060,
        "narHash": "sha256-sOHFMh2i+8JtSjbG5pPJJrHli81DZ2WmhsBkwholBXY=",
        "owner": "NixOS",
        "repo": "nixpkgs",
        "rev": "1e5f0f5b1376c0a0e7e4b532ab968cb6c79f0a72",
        "type": "github"
      },
      "original": {
        "owner": "NixOS",
        "repo": "nixpkgs",
        "type": "github"
      }
    },
    "root": {
      "inputs": {
        "nixpkgs": "nixpkgs"
      }
    }
  },
  "root": "root",
  "version": 7
}
