{
  "nodes": {
    "nixpkgs": {
      "locked": {
        "lastModified": 1734827055,
        "narHash": "sha256-stFrYYMZd9ydDbp7/EmzDZg0AwvKM6kxvVEvDqy5eKk=",
        "owner": "NixOS",
        "repo": "nixpkgs",
        "rev": "55d3dc18887e5dd8c1c16a60b9e63e54fe62a21f",
        "type": "github"
      },
      "original": {
        "owner": "NixOS",
        "repo": "nixpkgs",
        "type": "github"
      }
    },
    "root": {
      "inputs": {
        "nixpkgs": "nixpkgs"
      }
    }
  },
  "root": "root",
  "version": 7
}
